
Microsoft Visual Studio Solution File, Format Version 12.00
# Visual Studio 14
VisualStudioVersion = 14.0.25420.1
MinimumVisualStudioVersion = 10.0.40219.1
Project("{2150E333-8FDC-42A3-9474-1A3956D46DE8}") = "Sample", "Sample", "{9DBF46BD-14E8-49D1-8406-FEA9F4E55F01}"
EndProject
Project("{FAE04EC0-301F-11D3-BF4B-00C04F79EFBC}") = "Client", "Sample\Client\Client.csproj", "{C5CD98E3-82B5-4E62-B19A-4B09FCAE3CAB}"
EndProject
Project("{FAE04EC0-301F-11D3-BF4B-00C04F79EFBC}") = "Server", "Sample\Server\Server.csproj", "{C2AEFD46-1807-46DB-A4DF-982A3F328074}"
EndProject
Project("{FAE04EC0-301F-11D3-BF4B-00C04F79EFBC}") = "Proto", "Sample\Proto\Proto.csproj", "{B4AF3B64-7884-4864-B007-DD3B59A084D5}"
EndProject
Project("{FAE04EC0-301F-11D3-BF4B-00C04F79EFBC}") = "socket4net.45", "Core\socket4net.45.csproj", "{ED0BB4A5-50C0-410F-A55F-94C842C744AC}"
EndProject
Project("{FAE04EC0-301F-11D3-BF4B-00C04F79EFBC}") = "socket4net.35", "Core\socket4net.35.csproj", "{ACB13EEA-90C3-4257-86D0-CE4EEC2FD9F7}"
EndProject
Project("{FAE04EC0-301F-11D3-BF4B-00C04F79EFBC}") = "websocket-sharp", "..\websocket-sharp\websocket-sharp\websocket-sharp.csproj", "{B357BAC7-529E-4D81-A0D2-71041B19C8DE}"
EndProject
Project("{2150E333-8FDC-42A3-9474-1A3956D46DE8}") = "socket", "socket", "{39CD4BE1-0A8A-4036-A4A4-158F1DCBDD19}"
EndProject
Project("{2150E333-8FDC-42A3-9474-1A3956D46DE8}") = "websocket", "websocket", "{FF069E17-2969-43D5-AD88-CCF8C431DE71}"
EndProject
Project("{FAE04EC0-301F-11D3-BF4B-00C04F79EFBC}") = "WebsocketServer", "..\websocket-sharp\SampleServer\WebsocketServer.csproj", "{F575E8B7-372B-4099-BF79-C6633EBA96B9}"
EndProject
Project("{FAE04EC0-301F-11D3-BF4B-00C04F79EFBC}") = "WebsocketClient", "..\websocket-sharp\SampleClient\WebsocketClient.csproj", "{0C815963-0162-4B02-859D-E024E06C5C6E}"
EndProject
Global
	GlobalSection(SolutionConfigurationPlatforms) = preSolution
		Debug_Ubuntu|Any CPU = Debug_Ubuntu|Any CPU
		Debug_Ubuntu|Mixed Platforms = Debug_Ubuntu|Mixed Platforms
		Debug_Ubuntu|x64 = Debug_Ubuntu|x64
		Debug_Ubuntu|x86 = Debug_Ubuntu|x86
		Debug|Any CPU = Debug|Any CPU
		Debug|Mixed Platforms = Debug|Mixed Platforms
		Debug|x64 = Debug|x64
		Debug|x86 = Debug|x86
		Release_Ubuntu|Any CPU = Release_Ubuntu|Any CPU
		Release_Ubuntu|Mixed Platforms = Release_Ubuntu|Mixed Platforms
		Release_Ubuntu|x64 = Release_Ubuntu|x64
		Release_Ubuntu|x86 = Release_Ubuntu|x86
		Release|Any CPU = Release|Any CPU
		Release|Mixed Platforms = Release|Mixed Platforms
		Release|x64 = Release|x64
		Release|x86 = Release|x86
	EndGlobalSection
	GlobalSection(ProjectConfigurationPlatforms) = postSolution
		{C5CD98E3-82B5-4E62-B19A-4B09FCAE3CAB}.Debug_Ubuntu|Any CPU.ActiveCfg = Debug|Any CPU
		{C5CD98E3-82B5-4E62-B19A-4B09FCAE3CAB}.Debug_Ubuntu|Any CPU.Build.0 = Debug|Any CPU
		{C5CD98E3-82B5-4E62-B19A-4B09FCAE3CAB}.Debug_Ubuntu|Mixed Platforms.ActiveCfg = Debug|Any CPU
		{C5CD98E3-82B5-4E62-B19A-4B09FCAE3CAB}.Debug_Ubuntu|Mixed Platforms.Build.0 = Debug|Any CPU
		{C5CD98E3-82B5-4E62-B19A-4B09FCAE3CAB}.Debug_Ubuntu|x64.ActiveCfg = Debug|Any CPU
		{C5CD98E3-82B5-4E62-B19A-4B09FCAE3CAB}.Debug_Ubuntu|x64.Build.0 = Debug|Any CPU
		{C5CD98E3-82B5-4E62-B19A-4B09FCAE3CAB}.Debug_Ubuntu|x86.ActiveCfg = Debug|Any CPU
		{C5CD98E3-82B5-4E62-B19A-4B09FCAE3CAB}.Debug_Ubuntu|x86.Build.0 = Debug|Any CPU
		{C5CD98E3-82B5-4E62-B19A-4B09FCAE3CAB}.Debug|Any CPU.ActiveCfg = Debug|Any CPU
		{C5CD98E3-82B5-4E62-B19A-4B09FCAE3CAB}.Debug|Any CPU.Build.0 = Debug|Any CPU
		{C5CD98E3-82B5-4E62-B19A-4B09FCAE3CAB}.Debug|Mixed Platforms.ActiveCfg = Debug|Any CPU
		{C5CD98E3-82B5-4E62-B19A-4B09FCAE3CAB}.Debug|Mixed Platforms.Build.0 = Debug|Any CPU
		{C5CD98E3-82B5-4E62-B19A-4B09FCAE3CAB}.Debug|x64.ActiveCfg = Debug|Any CPU
		{C5CD98E3-82B5-4E62-B19A-4B09FCAE3CAB}.Debug|x86.ActiveCfg = Debug|Any CPU
		{C5CD98E3-82B5-4E62-B19A-4B09FCAE3CAB}.Release_Ubuntu|Any CPU.ActiveCfg = Release|Any CPU
		{C5CD98E3-82B5-4E62-B19A-4B09FCAE3CAB}.Release_Ubuntu|Any CPU.Build.0 = Release|Any CPU
		{C5CD98E3-82B5-4E62-B19A-4B09FCAE3CAB}.Release_Ubuntu|Mixed Platforms.ActiveCfg = Release|Any CPU
		{C5CD98E3-82B5-4E62-B19A-4B09FCAE3CAB}.Release_Ubuntu|Mixed Platforms.Build.0 = Release|Any CPU
		{C5CD98E3-82B5-4E62-B19A-4B09FCAE3CAB}.Release_Ubuntu|x64.ActiveCfg = Release|Any CPU
		{C5CD98E3-82B5-4E62-B19A-4B09FCAE3CAB}.Release_Ubuntu|x64.Build.0 = Release|Any CPU
		{C5CD98E3-82B5-4E62-B19A-4B09FCAE3CAB}.Release_Ubuntu|x86.ActiveCfg = Release|Any CPU
		{C5CD98E3-82B5-4E62-B19A-4B09FCAE3CAB}.Release_Ubuntu|x86.Build.0 = Release|Any CPU
		{C5CD98E3-82B5-4E62-B19A-4B09FCAE3CAB}.Release|Any CPU.ActiveCfg = Release|Any CPU
		{C5CD98E3-82B5-4E62-B19A-4B09FCAE3CAB}.Release|Any CPU.Build.0 = Release|Any CPU
		{C5CD98E3-82B5-4E62-B19A-4B09FCAE3CAB}.Release|Mixed Platforms.ActiveCfg = Release|Any CPU
		{C5CD98E3-82B5-4E62-B19A-4B09FCAE3CAB}.Release|Mixed Platforms.Build.0 = Release|Any CPU
		{C5CD98E3-82B5-4E62-B19A-4B09FCAE3CAB}.Release|x64.ActiveCfg = Release|Any CPU
		{C5CD98E3-82B5-4E62-B19A-4B09FCAE3CAB}.Release|x86.ActiveCfg = Release|Any CPU
		{C2AEFD46-1807-46DB-A4DF-982A3F328074}.Debug_Ubuntu|Any CPU.ActiveCfg = Debug|Any CPU
		{C2AEFD46-1807-46DB-A4DF-982A3F328074}.Debug_Ubuntu|Any CPU.Build.0 = Debug|Any CPU
		{C2AEFD46-1807-46DB-A4DF-982A3F328074}.Debug_Ubuntu|Mixed Platforms.ActiveCfg = Debug|Any CPU
		{C2AEFD46-1807-46DB-A4DF-982A3F328074}.Debug_Ubuntu|Mixed Platforms.Build.0 = Debug|Any CPU
		{C2AEFD46-1807-46DB-A4DF-982A3F328074}.Debug_Ubuntu|x64.ActiveCfg = Debug|Any CPU
		{C2AEFD46-1807-46DB-A4DF-982A3F328074}.Debug_Ubuntu|x64.Build.0 = Debug|Any CPU
		{C2AEFD46-1807-46DB-A4DF-982A3F328074}.Debug_Ubuntu|x86.ActiveCfg = Debug|Any CPU
		{C2AEFD46-1807-46DB-A4DF-982A3F328074}.Debug_Ubuntu|x86.Build.0 = Debug|Any CPU
		{C2AEFD46-1807-46DB-A4DF-982A3F328074}.Debug|Any CPU.ActiveCfg = Debug|Any CPU
		{C2AEFD46-1807-46DB-A4DF-982A3F328074}.Debug|Any CPU.Build.0 = Debug|Any CPU
		{C2AEFD46-1807-46DB-A4DF-982A3F328074}.Debug|Mixed Platforms.ActiveCfg = Debug|Any CPU
		{C2AEFD46-1807-46DB-A4DF-982A3F328074}.Debug|Mixed Platforms.Build.0 = Debug|Any CPU
		{C2AEFD46-1807-46DB-A4DF-982A3F328074}.Debug|x64.ActiveCfg = Debug|Any CPU
		{C2AEFD46-1807-46DB-A4DF-982A3F328074}.Debug|x86.ActiveCfg = Debug|Any CPU
		{C2AEFD46-1807-46DB-A4DF-982A3F328074}.Release_Ubuntu|Any CPU.ActiveCfg = Release|Any CPU
		{C2AEFD46-1807-46DB-A4DF-982A3F328074}.Release_Ubuntu|Any CPU.Build.0 = Release|Any CPU
		{C2AEFD46-1807-46DB-A4DF-982A3F328074}.Release_Ubuntu|Mixed Platforms.ActiveCfg = Release|Any CPU
		{C2AEFD46-1807-46DB-A4DF-982A3F328074}.Release_Ubuntu|Mixed Platforms.Build.0 = Release|Any CPU
		{C2AEFD46-1807-46DB-A4DF-982A3F328074}.Release_Ubuntu|x64.ActiveCfg = Release|Any CPU
		{C2AEFD46-1807-46DB-A4DF-982A3F328074}.Release_Ubuntu|x64.Build.0 = Release|Any CPU
		{C2AEFD46-1807-46DB-A4DF-982A3F328074}.Release_Ubuntu|x86.ActiveCfg = Release|Any CPU
		{C2AEFD46-1807-46DB-A4DF-982A3F328074}.Release_Ubuntu|x86.Build.0 = Release|Any CPU
		{C2AEFD46-1807-46DB-A4DF-982A3F328074}.Release|Any CPU.ActiveCfg = Release|Any CPU
		{C2AEFD46-1807-46DB-A4DF-982A3F328074}.Release|Any CPU.Build.0 = Release|Any CPU
		{C2AEFD46-1807-46DB-A4DF-982A3F328074}.Release|Mixed Platforms.ActiveCfg = Release|Any CPU
		{C2AEFD46-1807-46DB-A4DF-982A3F328074}.Release|Mixed Platforms.Build.0 = Release|Any CPU
		{C2AEFD46-1807-46DB-A4DF-982A3F328074}.Release|x64.ActiveCfg = Release|Any CPU
		{C2AEFD46-1807-46DB-A4DF-982A3F328074}.Release|x86.ActiveCfg = Release|Any CPU
		{B4AF3B64-7884-4864-B007-DD3B59A084D5}.Debug_Ubuntu|Any CPU.ActiveCfg = Debug|Any CPU
		{B4AF3B64-7884-4864-B007-DD3B59A084D5}.Debug_Ubuntu|Any CPU.Build.0 = Debug|Any CPU
		{B4AF3B64-7884-4864-B007-DD3B59A084D5}.Debug_Ubuntu|Mixed Platforms.ActiveCfg = Debug|Any CPU
		{B4AF3B64-7884-4864-B007-DD3B59A084D5}.Debug_Ubuntu|Mixed Platforms.Build.0 = Debug|Any CPU
		{B4AF3B64-7884-4864-B007-DD3B59A084D5}.Debug_Ubuntu|x64.ActiveCfg = Debug|x64
		{B4AF3B64-7884-4864-B007-DD3B59A084D5}.Debug_Ubuntu|x64.Build.0 = Debug|x64
		{B4AF3B64-7884-4864-B007-DD3B59A084D5}.Debug_Ubuntu|x86.ActiveCfg = Debug|Any CPU
		{B4AF3B64-7884-4864-B007-DD3B59A084D5}.Debug_Ubuntu|x86.Build.0 = Debug|Any CPU
		{B4AF3B64-7884-4864-B007-DD3B59A084D5}.Debug|Any CPU.ActiveCfg = Debug|Any CPU
		{B4AF3B64-7884-4864-B007-DD3B59A084D5}.Debug|Any CPU.Build.0 = Debug|Any CPU
		{B4AF3B64-7884-4864-B007-DD3B59A084D5}.Debug|Mixed Platforms.ActiveCfg = Debug|Any CPU
		{B4AF3B64-7884-4864-B007-DD3B59A084D5}.Debug|Mixed Platforms.Build.0 = Debug|Any CPU
		{B4AF3B64-7884-4864-B007-DD3B59A084D5}.Debug|x64.ActiveCfg = Debug|x64
		{B4AF3B64-7884-4864-B007-DD3B59A084D5}.Debug|x64.Build.0 = Debug|x64
		{B4AF3B64-7884-4864-B007-DD3B59A084D5}.Debug|x86.ActiveCfg = Debug|Any CPU
		{B4AF3B64-7884-4864-B007-DD3B59A084D5}.Release_Ubuntu|Any CPU.ActiveCfg = Release|Any CPU
		{B4AF3B64-7884-4864-B007-DD3B59A084D5}.Release_Ubuntu|Any CPU.Build.0 = Release|Any CPU
		{B4AF3B64-7884-4864-B007-DD3B59A084D5}.Release_Ubuntu|Mixed Platforms.ActiveCfg = Release|Any CPU
		{B4AF3B64-7884-4864-B007-DD3B59A084D5}.Release_Ubuntu|Mixed Platforms.Build.0 = Release|Any CPU
		{B4AF3B64-7884-4864-B007-DD3B59A084D5}.Release_Ubuntu|x64.ActiveCfg = Release|x64
		{B4AF3B64-7884-4864-B007-DD3B59A084D5}.Release_Ubuntu|x64.Build.0 = Release|x64
		{B4AF3B64-7884-4864-B007-DD3B59A084D5}.Release_Ubuntu|x86.ActiveCfg = Release|Any CPU
		{B4AF3B64-7884-4864-B007-DD3B59A084D5}.Release_Ubuntu|x86.Build.0 = Release|Any CPU
		{B4AF3B64-7884-4864-B007-DD3B59A084D5}.Release|Any CPU.ActiveCfg = Release|Any CPU
		{B4AF3B64-7884-4864-B007-DD3B59A084D5}.Release|Any CPU.Build.0 = Release|Any CPU
		{B4AF3B64-7884-4864-B007-DD3B59A084D5}.Release|Mixed Platforms.ActiveCfg = Release|Any CPU
		{B4AF3B64-7884-4864-B007-DD3B59A084D5}.Release|Mixed Platforms.Build.0 = Release|Any CPU
		{B4AF3B64-7884-4864-B007-DD3B59A084D5}.Release|x64.ActiveCfg = Release|x64
		{B4AF3B64-7884-4864-B007-DD3B59A084D5}.Release|x64.Build.0 = Release|x64
		{B4AF3B64-7884-4864-B007-DD3B59A084D5}.Release|x86.ActiveCfg = Release|Any CPU
		{ED0BB4A5-50C0-410F-A55F-94C842C744AC}.Debug_Ubuntu|Any CPU.ActiveCfg = Debug|Any CPU
		{ED0BB4A5-50C0-410F-A55F-94C842C744AC}.Debug_Ubuntu|Any CPU.Build.0 = Debug|Any CPU
		{ED0BB4A5-50C0-410F-A55F-94C842C744AC}.Debug_Ubuntu|Mixed Platforms.ActiveCfg = Debug|x86
		{ED0BB4A5-50C0-410F-A55F-94C842C744AC}.Debug_Ubuntu|Mixed Platforms.Build.0 = Debug|x86
		{ED0BB4A5-50C0-410F-A55F-94C842C744AC}.Debug_Ubuntu|x64.ActiveCfg = Debug|x64
		{ED0BB4A5-50C0-410F-A55F-94C842C744AC}.Debug_Ubuntu|x64.Build.0 = Debug|x64
		{ED0BB4A5-50C0-410F-A55F-94C842C744AC}.Debug_Ubuntu|x86.ActiveCfg = Debug|x86
		{ED0BB4A5-50C0-410F-A55F-94C842C744AC}.Debug_Ubuntu|x86.Build.0 = Debug|x86
		{ED0BB4A5-50C0-410F-A55F-94C842C744AC}.Debug|Any CPU.ActiveCfg = Debug|Any CPU
		{ED0BB4A5-50C0-410F-A55F-94C842C744AC}.Debug|Any CPU.Build.0 = Debug|Any CPU
		{ED0BB4A5-50C0-410F-A55F-94C842C744AC}.Debug|Mixed Platforms.ActiveCfg = Debug|x86
		{ED0BB4A5-50C0-410F-A55F-94C842C744AC}.Debug|Mixed Platforms.Build.0 = Debug|x86
		{ED0BB4A5-50C0-410F-A55F-94C842C744AC}.Debug|x64.ActiveCfg = Debug|x64
		{ED0BB4A5-50C0-410F-A55F-94C842C744AC}.Debug|x64.Build.0 = Debug|x64
		{ED0BB4A5-50C0-410F-A55F-94C842C744AC}.Debug|x86.ActiveCfg = Debug|x86
		{ED0BB4A5-50C0-410F-A55F-94C842C744AC}.Debug|x86.Build.0 = Debug|x86
		{ED0BB4A5-50C0-410F-A55F-94C842C744AC}.Release_Ubuntu|Any CPU.ActiveCfg = Release|Any CPU
		{ED0BB4A5-50C0-410F-A55F-94C842C744AC}.Release_Ubuntu|Any CPU.Build.0 = Release|Any CPU
		{ED0BB4A5-50C0-410F-A55F-94C842C744AC}.Release_Ubuntu|Mixed Platforms.ActiveCfg = Release|x86
		{ED0BB4A5-50C0-410F-A55F-94C842C744AC}.Release_Ubuntu|Mixed Platforms.Build.0 = Release|x86
		{ED0BB4A5-50C0-410F-A55F-94C842C744AC}.Release_Ubuntu|x64.ActiveCfg = Release|x64
		{ED0BB4A5-50C0-410F-A55F-94C842C744AC}.Release_Ubuntu|x64.Build.0 = Release|x64
		{ED0BB4A5-50C0-410F-A55F-94C842C744AC}.Release_Ubuntu|x86.ActiveCfg = Release|x86
		{ED0BB4A5-50C0-410F-A55F-94C842C744AC}.Release_Ubuntu|x86.Build.0 = Release|x86
		{ED0BB4A5-50C0-410F-A55F-94C842C744AC}.Release|Any CPU.ActiveCfg = Release|Any CPU
		{ED0BB4A5-50C0-410F-A55F-94C842C744AC}.Release|Any CPU.Build.0 = Release|Any CPU
		{ED0BB4A5-50C0-410F-A55F-94C842C744AC}.Release|Mixed Platforms.ActiveCfg = Release|x86
		{ED0BB4A5-50C0-410F-A55F-94C842C744AC}.Release|Mixed Platforms.Build.0 = Release|x86
		{ED0BB4A5-50C0-410F-A55F-94C842C744AC}.Release|x64.ActiveCfg = Release|x64
		{ED0BB4A5-50C0-410F-A55F-94C842C744AC}.Release|x64.Build.0 = Release|x64
		{ED0BB4A5-50C0-410F-A55F-94C842C744AC}.Release|x86.ActiveCfg = Release|x86
		{ED0BB4A5-50C0-410F-A55F-94C842C744AC}.Release|x86.Build.0 = Release|x86
		{ACB13EEA-90C3-4257-86D0-CE4EEC2FD9F7}.Debug_Ubuntu|Any CPU.ActiveCfg = Debug|Any CPU
		{ACB13EEA-90C3-4257-86D0-CE4EEC2FD9F7}.Debug_Ubuntu|Any CPU.Build.0 = Debug|Any CPU
		{ACB13EEA-90C3-4257-86D0-CE4EEC2FD9F7}.Debug_Ubuntu|Mixed Platforms.ActiveCfg = Debug|x86
		{ACB13EEA-90C3-4257-86D0-CE4EEC2FD9F7}.Debug_Ubuntu|Mixed Platforms.Build.0 = Debug|x86
		{ACB13EEA-90C3-4257-86D0-CE4EEC2FD9F7}.Debug_Ubuntu|x64.ActiveCfg = Debug|x64
		{ACB13EEA-90C3-4257-86D0-CE4EEC2FD9F7}.Debug_Ubuntu|x64.Build.0 = Debug|x64
		{ACB13EEA-90C3-4257-86D0-CE4EEC2FD9F7}.Debug_Ubuntu|x86.ActiveCfg = Debug|x86
		{ACB13EEA-90C3-4257-86D0-CE4EEC2FD9F7}.Debug_Ubuntu|x86.Build.0 = Debug|x86
		{ACB13EEA-90C3-4257-86D0-CE4EEC2FD9F7}.Debug|Any CPU.ActiveCfg = Debug|Any CPU
		{ACB13EEA-90C3-4257-86D0-CE4EEC2FD9F7}.Debug|Any CPU.Build.0 = Debug|Any CPU
		{ACB13EEA-90C3-4257-86D0-CE4EEC2FD9F7}.Debug|Mixed Platforms.ActiveCfg = Debug|x86
		{ACB13EEA-90C3-4257-86D0-CE4EEC2FD9F7}.Debug|Mixed Platforms.Build.0 = Debug|x86
		{ACB13EEA-90C3-4257-86D0-CE4EEC2FD9F7}.Debug|x64.ActiveCfg = Debug|x64
		{ACB13EEA-90C3-4257-86D0-CE4EEC2FD9F7}.Debug|x64.Build.0 = Debug|x64
		{ACB13EEA-90C3-4257-86D0-CE4EEC2FD9F7}.Debug|x86.ActiveCfg = Debug|x86
		{ACB13EEA-90C3-4257-86D0-CE4EEC2FD9F7}.Debug|x86.Build.0 = Debug|x86
		{ACB13EEA-90C3-4257-86D0-CE4EEC2FD9F7}.Release_Ubuntu|Any CPU.ActiveCfg = Release|Any CPU
		{ACB13EEA-90C3-4257-86D0-CE4EEC2FD9F7}.Release_Ubuntu|Any CPU.Build.0 = Release|Any CPU
		{ACB13EEA-90C3-4257-86D0-CE4EEC2FD9F7}.Release_Ubuntu|Mixed Platforms.ActiveCfg = Release|x86
		{ACB13EEA-90C3-4257-86D0-CE4EEC2FD9F7}.Release_Ubuntu|Mixed Platforms.Build.0 = Release|x86
		{ACB13EEA-90C3-4257-86D0-CE4EEC2FD9F7}.Release_Ubuntu|x64.ActiveCfg = Release|x64
		{ACB13EEA-90C3-4257-86D0-CE4EEC2FD9F7}.Release_Ubuntu|x64.Build.0 = Release|x64
		{ACB13EEA-90C3-4257-86D0-CE4EEC2FD9F7}.Release_Ubuntu|x86.ActiveCfg = Release|x86
		{ACB13EEA-90C3-4257-86D0-CE4EEC2FD9F7}.Release_Ubuntu|x86.Build.0 = Release|x86
		{ACB13EEA-90C3-4257-86D0-CE4EEC2FD9F7}.Release|Any CPU.ActiveCfg = Release|Any CPU
		{ACB13EEA-90C3-4257-86D0-CE4EEC2FD9F7}.Release|Any CPU.Build.0 = Release|Any CPU
		{ACB13EEA-90C3-4257-86D0-CE4EEC2FD9F7}.Release|Mixed Platforms.ActiveCfg = Release|x86
		{ACB13EEA-90C3-4257-86D0-CE4EEC2FD9F7}.Release|Mixed Platforms.Build.0 = Release|x86
		{ACB13EEA-90C3-4257-86D0-CE4EEC2FD9F7}.Release|x64.ActiveCfg = Release|x64
		{ACB13EEA-90C3-4257-86D0-CE4EEC2FD9F7}.Release|x64.Build.0 = Release|x64
		{ACB13EEA-90C3-4257-86D0-CE4EEC2FD9F7}.Release|x86.ActiveCfg = Release|x86
		{ACB13EEA-90C3-4257-86D0-CE4EEC2FD9F7}.Release|x86.Build.0 = Release|x86
		{B357BAC7-529E-4D81-A0D2-71041B19C8DE}.Debug_Ubuntu|Any CPU.ActiveCfg = Debug_Ubuntu|Any CPU
		{B357BAC7-529E-4D81-A0D2-71041B19C8DE}.Debug_Ubuntu|Any CPU.Build.0 = Debug_Ubuntu|Any CPU
		{B357BAC7-529E-4D81-A0D2-71041B19C8DE}.Debug_Ubuntu|Mixed Platforms.ActiveCfg = Debug_Ubuntu|Any CPU
		{B357BAC7-529E-4D81-A0D2-71041B19C8DE}.Debug_Ubuntu|Mixed Platforms.Build.0 = Debug_Ubuntu|Any CPU
		{B357BAC7-529E-4D81-A0D2-71041B19C8DE}.Debug_Ubuntu|x64.ActiveCfg = Debug_Ubuntu|Any CPU
		{B357BAC7-529E-4D81-A0D2-71041B19C8DE}.Debug_Ubuntu|x64.Build.0 = Debug_Ubuntu|Any CPU
		{B357BAC7-529E-4D81-A0D2-71041B19C8DE}.Debug_Ubuntu|x86.ActiveCfg = Debug_Ubuntu|Any CPU
		{B357BAC7-529E-4D81-A0D2-71041B19C8DE}.Debug_Ubuntu|x86.Build.0 = Debug_Ubuntu|Any CPU
		{B357BAC7-529E-4D81-A0D2-71041B19C8DE}.Debug|Any CPU.ActiveCfg = Debug|Any CPU
		{B357BAC7-529E-4D81-A0D2-71041B19C8DE}.Debug|Any CPU.Build.0 = Debug|Any CPU
		{B357BAC7-529E-4D81-A0D2-71041B19C8DE}.Debug|Mixed Platforms.ActiveCfg = Debug|Any CPU
		{B357BAC7-529E-4D81-A0D2-71041B19C8DE}.Debug|Mixed Platforms.Build.0 = Debug|Any CPU
		{B357BAC7-529E-4D81-A0D2-71041B19C8DE}.Debug|x64.ActiveCfg = Debug|Any CPU
		{B357BAC7-529E-4D81-A0D2-71041B19C8DE}.Debug|x64.Build.0 = Debug|Any CPU
		{B357BAC7-529E-4D81-A0D2-71041B19C8DE}.Debug|x86.ActiveCfg = Debug|Any CPU
		{B357BAC7-529E-4D81-A0D2-71041B19C8DE}.Debug|x86.Build.0 = Debug|Any CPU
		{B357BAC7-529E-4D81-A0D2-71041B19C8DE}.Release_Ubuntu|Any CPU.ActiveCfg = Release_Ubuntu|Any CPU
		{B357BAC7-529E-4D81-A0D2-71041B19C8DE}.Release_Ubuntu|Any CPU.Build.0 = Release_Ubuntu|Any CPU
		{B357BAC7-529E-4D81-A0D2-71041B19C8DE}.Release_Ubuntu|Mixed Platforms.ActiveCfg = Release_Ubuntu|Any CPU
		{B357BAC7-529E-4D81-A0D2-71041B19C8DE}.Release_Ubuntu|Mixed Platforms.Build.0 = Release_Ubuntu|Any CPU
		{B357BAC7-529E-4D81-A0D2-71041B19C8DE}.Release_Ubuntu|x64.ActiveCfg = Release_Ubuntu|Any CPU
		{B357BAC7-529E-4D81-A0D2-71041B19C8DE}.Release_Ubuntu|x64.Build.0 = Release_Ubuntu|Any CPU
		{B357BAC7-529E-4D81-A0D2-71041B19C8DE}.Release_Ubuntu|x86.ActiveCfg = Release_Ubuntu|Any CPU
		{B357BAC7-529E-4D81-A0D2-71041B19C8DE}.Release_Ubuntu|x86.Build.0 = Release_Ubuntu|Any CPU
		{B357BAC7-529E-4D81-A0D2-71041B19C8DE}.Release|Any CPU.ActiveCfg = Release|Any CPU
		{B357BAC7-529E-4D81-A0D2-71041B19C8DE}.Release|Any CPU.Build.0 = Release|Any CPU
		{B357BAC7-529E-4D81-A0D2-71041B19C8DE}.Release|Mixed Platforms.ActiveCfg = Release|Any CPU
		{B357BAC7-529E-4D81-A0D2-71041B19C8DE}.Release|Mixed Platforms.Build.0 = Release|Any CPU
		{B357BAC7-529E-4D81-A0D2-71041B19C8DE}.Release|x64.ActiveCfg = Release|Any CPU
		{B357BAC7-529E-4D81-A0D2-71041B19C8DE}.Release|x64.Build.0 = Release|Any CPU
		{B357BAC7-529E-4D81-A0D2-71041B19C8DE}.Release|x86.ActiveCfg = Release|Any CPU
		{B357BAC7-529E-4D81-A0D2-71041B19C8DE}.Release|x86.Build.0 = Release|Any CPU
		{F575E8B7-372B-4099-BF79-C6633EBA96B9}.Debug_Ubuntu|Any CPU.ActiveCfg = Release|x86
		{F575E8B7-372B-4099-BF79-C6633EBA96B9}.Debug_Ubuntu|Any CPU.Build.0 = Release|x86
		{F575E8B7-372B-4099-BF79-C6633EBA96B9}.Debug_Ubuntu|Mixed Platforms.ActiveCfg = Debug|x86
		{F575E8B7-372B-4099-BF79-C6633EBA96B9}.Debug_Ubuntu|Mixed Platforms.Build.0 = Debug|x86
		{F575E8B7-372B-4099-BF79-C6633EBA96B9}.Debug_Ubuntu|x64.ActiveCfg = Release|x86
		{F575E8B7-372B-4099-BF79-C6633EBA96B9}.Debug_Ubuntu|x64.Build.0 = Release|x86
		{F575E8B7-372B-4099-BF79-C6633EBA96B9}.Debug_Ubuntu|x86.ActiveCfg = Debug|x86
		{F575E8B7-372B-4099-BF79-C6633EBA96B9}.Debug_Ubuntu|x86.Build.0 = Debug|x86
		{F575E8B7-372B-4099-BF79-C6633EBA96B9}.Debug|Any CPU.ActiveCfg = Debug|x86
		{F575E8B7-372B-4099-BF79-C6633EBA96B9}.Debug|Mixed Platforms.ActiveCfg = Debug|x86
		{F575E8B7-372B-4099-BF79-C6633EBA96B9}.Debug|Mixed Platforms.Build.0 = Debug|x86
		{F575E8B7-372B-4099-BF79-C6633EBA96B9}.Debug|x64.ActiveCfg = Debug|x86
		{F575E8B7-372B-4099-BF79-C6633EBA96B9}.Debug|x86.ActiveCfg = Debug|x86
		{F575E8B7-372B-4099-BF79-C6633EBA96B9}.Debug|x86.Build.0 = Debug|x86
		{F575E8B7-372B-4099-BF79-C6633EBA96B9}.Release_Ubuntu|Any CPU.ActiveCfg = Release|x86
		{F575E8B7-372B-4099-BF79-C6633EBA96B9}.Release_Ubuntu|Any CPU.Build.0 = Release|x86
		{F575E8B7-372B-4099-BF79-C6633EBA96B9}.Release_Ubuntu|Mixed Platforms.ActiveCfg = Release|x86
		{F575E8B7-372B-4099-BF79-C6633EBA96B9}.Release_Ubuntu|Mixed Platforms.Build.0 = Release|x86
		{F575E8B7-372B-4099-BF79-C6633EBA96B9}.Release_Ubuntu|x64.ActiveCfg = Release|x86
		{F575E8B7-372B-4099-BF79-C6633EBA96B9}.Release_Ubuntu|x64.Build.0 = Release|x86
		{F575E8B7-372B-4099-BF79-C6633EBA96B9}.Release_Ubuntu|x86.ActiveCfg = Release|x86
		{F575E8B7-372B-4099-BF79-C6633EBA96B9}.Release_Ubuntu|x86.Build.0 = Release|x86
		{F575E8B7-372B-4099-BF79-C6633EBA96B9}.Release|Any CPU.ActiveCfg = Release|x86
		{F575E8B7-372B-4099-BF79-C6633EBA96B9}.Release|Mixed Platforms.ActiveCfg = Release|x86
		{F575E8B7-372B-4099-BF79-C6633EBA96B9}.Release|Mixed Platforms.Build.0 = Release|x86
		{F575E8B7-372B-4099-BF79-C6633EBA96B9}.Release|x64.ActiveCfg = Release|x86
		{F575E8B7-372B-4099-BF79-C6633EBA96B9}.Release|x86.ActiveCfg = Release|x86
		{F575E8B7-372B-4099-BF79-C6633EBA96B9}.Release|x86.Build.0 = Release|x86
		{0C815963-0162-4B02-859D-E024E06C5C6E}.Debug_Ubuntu|Any CPU.ActiveCfg = Release|x86
		{0C815963-0162-4B02-859D-E024E06C5C6E}.Debug_Ubuntu|Any CPU.Build.0 = Release|x86
		{0C815963-0162-4B02-859D-E024E06C5C6E}.Debug_Ubuntu|Mixed Platforms.ActiveCfg = Debug|x86
		{0C815963-0162-4B02-859D-E024E06C5C6E}.Debug_Ubuntu|Mixed Platforms.Build.0 = Debug|x86
		{0C815963-0162-4B02-859D-E024E06C5C6E}.Debug_Ubuntu|x64.ActiveCfg = Release|x86
		{0C815963-0162-4B02-859D-E024E06C5C6E}.Debug_Ubuntu|x64.Build.0 = Release|x86
		{0C815963-0162-4B02-859D-E024E06C5C6E}.Debug_Ubuntu|x86.ActiveCfg = Debug|x86
		{0C815963-0162-4B02-859D-E024E06C5C6E}.Debug_Ubuntu|x86.Build.0 = Debug|x86
		{0C815963-0162-4B02-859D-E024E06C5C6E}.Debug|Any CPU.ActiveCfg = Debug|x86
		{0C815963-0162-4B02-859D-E024E06C5C6E}.Debug|Mixed Platforms.ActiveCfg = Debug|x86
		{0C815963-0162-4B02-859D-E024E06C5C6E}.Debug|Mixed Platforms.Build.0 = Debug|x86
		{0C815963-0162-4B02-859D-E024E06C5C6E}.Debug|x64.ActiveCfg = Debug|x86
		{0C815963-0162-4B02-859D-E024E06C5C6E}.Debug|x86.ActiveCfg = Debug|x86
		{0C815963-0162-4B02-859D-E024E06C5C6E}.Debug|x86.Build.0 = Debug|x86
		{0C815963-0162-4B02-859D-E024E06C5C6E}.Release_Ubuntu|Any CPU.ActiveCfg = Release|x86
		{0C815963-0162-4B02-859D-E024E06C5C6E}.Release_Ubuntu|Any CPU.Build.0 = Release|x86
		{0C815963-0162-4B02-859D-E024E06C5C6E}.Release_Ubuntu|Mixed Platforms.ActiveCfg = Release|x86
		{0C815963-0162-4B02-859D-E024E06C5C6E}.Release_Ubuntu|Mixed Platforms.Build.0 = Release|x86
		{0C815963-0162-4B02-859D-E024E06C5C6E}.Release_Ubuntu|x64.ActiveCfg = Release|x86
		{0C815963-0162-4B02-859D-E024E06C5C6E}.Release_Ubuntu|x64.Build.0 = Release|x86
		{0C815963-0162-4B02-859D-E024E06C5C6E}.Release_Ubuntu|x86.ActiveCfg = Release|x86
		{0C815963-0162-4B02-859D-E024E06C5C6E}.Release_Ubuntu|x86.Build.0 = Release|x86
		{0C815963-0162-4B02-859D-E024E06C5C6E}.Release|Any CPU.ActiveCfg = Release|x86
		{0C815963-0162-4B02-859D-E024E06C5C6E}.Release|Mixed Platforms.ActiveCfg = Release|x86
		{0C815963-0162-4B02-859D-E024E06C5C6E}.Release|Mixed Platforms.Build.0 = Release|x86
		{0C815963-0162-4B02-859D-E024E06C5C6E}.Release|x64.ActiveCfg = Release|x86
		{0C815963-0162-4B02-859D-E024E06C5C6E}.Release|x86.ActiveCfg = Release|x86
		{0C815963-0162-4B02-859D-E024E06C5C6E}.Release|x86.Build.0 = Release|x86
	EndGlobalSection
	GlobalSection(SolutionProperties) = preSolution
		HideSolutionNode = FALSE
	EndGlobalSection
	GlobalSection(NestedProjects) = preSolution
		{C5CD98E3-82B5-4E62-B19A-4B09FCAE3CAB} = {39CD4BE1-0A8A-4036-A4A4-158F1DCBDD19}
		{C2AEFD46-1807-46DB-A4DF-982A3F328074} = {39CD4BE1-0A8A-4036-A4A4-158F1DCBDD19}
		{B4AF3B64-7884-4864-B007-DD3B59A084D5} = {9DBF46BD-14E8-49D1-8406-FEA9F4E55F01}
		{39CD4BE1-0A8A-4036-A4A4-158F1DCBDD19} = {9DBF46BD-14E8-49D1-8406-FEA9F4E55F01}
		{FF069E17-2969-43D5-AD88-CCF8C431DE71} = {9DBF46BD-14E8-49D1-8406-FEA9F4E55F01}
		{F575E8B7-372B-4099-BF79-C6633EBA96B9} = {FF069E17-2969-43D5-AD88-CCF8C431DE71}
		{0C815963-0162-4B02-859D-E024E06C5C6E} = {FF069E17-2969-43D5-AD88-CCF8C431DE71}
	EndGlobalSection
EndGlobal
