
Microsoft Visual Studio Solution File, Format Version 12.00
# Visual Studio 14
VisualStudioVersion = 14.0.25420.1
MinimumVisualStudioVersion = 10.0.40219.1
Project("{2150E333-8FDC-42A3-9474-1A3956D46DE8}") = "Sample", "Sample", "{9DBF46BD-14E8-49D1-8406-FEA9F4E55F01}"
EndProject
Project("{FAE04EC0-301F-11D3-BF4B-00C04F79EFBC}") = "Proto", "Sample\Proto\Proto.csproj", "{B4AF3B64-7884-4864-B007-DD3B59A084D5}"
EndProject
Project("{FAE04EC0-301F-11D3-BF4B-00C04F79EFBC}") = "socket4net", "Core\socket4net.csproj", "{ED0BB4A5-50C0-410F-A55F-94C842C744AC}"
EndProject
Project("{FAE04EC0-301F-11D3-BF4B-00C04F79EFBC}") = "websocket-sharp", "..\websocket-sharp\websocket-sharp\websocket-sharp.csproj", "{B357BAC7-529E-4D81-A0D2-71041B19C8DE}"
EndProject
Project("{FAE04EC0-301F-11D3-BF4B-00C04F79EFBC}") = "WServer", "Sample\WServer\WServer.csproj", "{6A3C24EC-2318-42CB-BB31-84D0E178D3C6}"
EndProject
Project("{FAE04EC0-301F-11D3-BF4B-00C04F79EFBC}") = "WClient", "Sample\WClient\WClient.csproj", "{27005030-BB5A-44DF-A24C-205CA1C62DCC}"
EndProject
Project("{FAE04EC0-301F-11D3-BF4B-00C04F79EFBC}") = "Pi", "Pi\Pi.csproj", "{70FC5B68-BD66-44D5-A952-5CDDA0977321}"
EndProject
Global
	GlobalSection(SolutionConfigurationPlatforms) = preSolution
		Debug_Ubuntu|Any CPU = Debug_Ubuntu|Any CPU
		Debug_Ubuntu|Mixed Platforms = Debug_Ubuntu|Mixed Platforms
		Debug_Ubuntu|x64 = Debug_Ubuntu|x64
		Debug_Ubuntu|x86 = Debug_Ubuntu|x86
		Debug|Any CPU = Debug|Any CPU
		Debug|Mixed Platforms = Debug|Mixed Platforms
		Debug|x64 = Debug|x64
		Debug|x86 = Debug|x86
		Release_Ubuntu|Any CPU = Release_Ubuntu|Any CPU
		Release_Ubuntu|Mixed Platforms = Release_Ubuntu|Mixed Platforms
		Release_Ubuntu|x64 = Release_Ubuntu|x64
		Release_Ubuntu|x86 = Release_Ubuntu|x86
		Release|Any CPU = Release|Any CPU
		Release|Mixed Platforms = Release|Mixed Platforms
		Release|x64 = Release|x64
		Release|x86 = Release|x86
	EndGlobalSection
	GlobalSection(ProjectConfigurationPlatforms) = postSolution
		{B4AF3B64-7884-4864-B007-DD3B59A084D5}.Debug_Ubuntu|Any CPU.ActiveCfg = Debug|Any CPU
		{B4AF3B64-7884-4864-B007-DD3B59A084D5}.Debug_Ubuntu|Any CPU.Build.0 = Debug|Any CPU
		{B4AF3B64-7884-4864-B007-DD3B59A084D5}.Debug_Ubuntu|Mixed Platforms.ActiveCfg = Debug|Any CPU
		{B4AF3B64-7884-4864-B007-DD3B59A084D5}.Debug_Ubuntu|Mixed Platforms.Build.0 = Debug|Any CPU
		{B4AF3B64-7884-4864-B007-DD3B59A084D5}.Debug_Ubuntu|x64.ActiveCfg = Debug|x64
		{B4AF3B64-7884-4864-B007-DD3B59A084D5}.Debug_Ubuntu|x64.Build.0 = Debug|x64
		{B4AF3B64-7884-4864-B007-DD3B59A084D5}.Debug_Ubuntu|x86.ActiveCfg = Debug|Any CPU
		{B4AF3B64-7884-4864-B007-DD3B59A084D5}.Debug_Ubuntu|x86.Build.0 = Debug|Any CPU
		{B4AF3B64-7884-4864-B007-DD3B59A084D5}.Debug|Any CPU.ActiveCfg = Debug|Any CPU
		{B4AF3B64-7884-4864-B007-DD3B59A084D5}.Debug|Any CPU.Build.0 = Debug|Any CPU
		{B4AF3B64-7884-4864-B007-DD3B59A084D5}.Debug|Mixed Platforms.ActiveCfg = Debug|Any CPU
		{B4AF3B64-7884-4864-B007-DD3B59A084D5}.Debug|Mixed Platforms.Build.0 = Debug|Any CPU
		{B4AF3B64-7884-4864-B007-DD3B59A084D5}.Debug|x64.ActiveCfg = Debug|x64
		{B4AF3B64-7884-4864-B007-DD3B59A084D5}.Debug|x64.Build.0 = Debug|x64
		{B4AF3B64-7884-4864-B007-DD3B59A084D5}.Debug|x86.ActiveCfg = Debug|Any CPU
		{B4AF3B64-7884-4864-B007-DD3B59A084D5}.Release_Ubuntu|Any CPU.ActiveCfg = Release|Any CPU
		{B4AF3B64-7884-4864-B007-DD3B59A084D5}.Release_Ubuntu|Any CPU.Build.0 = Release|Any CPU
		{B4AF3B64-7884-4864-B007-DD3B59A084D5}.Release_Ubuntu|Mixed Platforms.ActiveCfg = Release|Any CPU
		{B4AF3B64-7884-4864-B007-DD3B59A084D5}.Release_Ubuntu|Mixed Platforms.Build.0 = Release|Any CPU
		{B4AF3B64-7884-4864-B007-DD3B59A084D5}.Release_Ubuntu|x64.ActiveCfg = Release|x64
		{B4AF3B64-7884-4864-B007-DD3B59A084D5}.Release_Ubuntu|x64.Build.0 = Release|x64
		{B4AF3B64-7884-4864-B007-DD3B59A084D5}.Release_Ubuntu|x86.ActiveCfg = Release|Any CPU
		{B4AF3B64-7884-4864-B007-DD3B59A084D5}.Release_Ubuntu|x86.Build.0 = Release|Any CPU
		{B4AF3B64-7884-4864-B007-DD3B59A084D5}.Release|Any CPU.ActiveCfg = Release|Any CPU
		{B4AF3B64-7884-4864-B007-DD3B59A084D5}.Release|Any CPU.Build.0 = Release|Any CPU
		{B4AF3B64-7884-4864-B007-DD3B59A084D5}.Release|Mixed Platforms.ActiveCfg = Release|Any CPU
		{B4AF3B64-7884-4864-B007-DD3B59A084D5}.Release|Mixed Platforms.Build.0 = Release|Any CPU
		{B4AF3B64-7884-4864-B007-DD3B59A084D5}.Release|x64.ActiveCfg = Release|x64
		{B4AF3B64-7884-4864-B007-DD3B59A084D5}.Release|x64.Build.0 = Release|x64
		{B4AF3B64-7884-4864-B007-DD3B59A084D5}.Release|x86.ActiveCfg = Release|Any CPU
		{ED0BB4A5-50C0-410F-A55F-94C842C744AC}.Debug_Ubuntu|Any CPU.ActiveCfg = Debug|Any CPU
		{ED0BB4A5-50C0-410F-A55F-94C842C744AC}.Debug_Ubuntu|Any CPU.Build.0 = Debug|Any CPU
		{ED0BB4A5-50C0-410F-A55F-94C842C744AC}.Debug_Ubuntu|Mixed Platforms.ActiveCfg = Debug|x86
		{ED0BB4A5-50C0-410F-A55F-94C842C744AC}.Debug_Ubuntu|Mixed Platforms.Build.0 = Debug|x86
		{ED0BB4A5-50C0-410F-A55F-94C842C744AC}.Debug_Ubuntu|x64.ActiveCfg = Debug|x64
		{ED0BB4A5-50C0-410F-A55F-94C842C744AC}.Debug_Ubuntu|x64.Build.0 = Debug|x64
		{ED0BB4A5-50C0-410F-A55F-94C842C744AC}.Debug_Ubuntu|x86.ActiveCfg = Debug|x86
		{ED0BB4A5-50C0-410F-A55F-94C842C744AC}.Debug_Ubuntu|x86.Build.0 = Debug|x86
		{ED0BB4A5-50C0-410F-A55F-94C842C744AC}.Debug|Any CPU.ActiveCfg = Debug|Any CPU
		{ED0BB4A5-50C0-410F-A55F-94C842C744AC}.Debug|Any CPU.Build.0 = Debug|Any CPU
		{ED0BB4A5-50C0-410F-A55F-94C842C744AC}.Debug|Mixed Platforms.ActiveCfg = Debug|x86
		{ED0BB4A5-50C0-410F-A55F-94C842C744AC}.Debug|Mixed Platforms.Build.0 = Debug|x86
		{ED0BB4A5-50C0-410F-A55F-94C842C744AC}.Debug|x64.ActiveCfg = Debug|x64
		{ED0BB4A5-50C0-410F-A55F-94C842C744AC}.Debug|x64.Build.0 = Debug|x64
		{ED0BB4A5-50C0-410F-A55F-94C842C744AC}.Debug|x86.ActiveCfg = Debug|x86
		{ED0BB4A5-50C0-410F-A55F-94C842C744AC}.Debug|x86.Build.0 = Debug|x86
		{ED0BB4A5-50C0-410F-A55F-94C842C744AC}.Release_Ubuntu|Any CPU.ActiveCfg = Release|Any CPU
		{ED0BB4A5-50C0-410F-A55F-94C842C744AC}.Release_Ubuntu|Any CPU.Build.0 = Release|Any CPU
		{ED0BB4A5-50C0-410F-A55F-94C842C744AC}.Release_Ubuntu|Mixed Platforms.ActiveCfg = Release|x86
		{ED0BB4A5-50C0-410F-A55F-94C842C744AC}.Release_Ubuntu|Mixed Platforms.Build.0 = Release|x86
		{ED0BB4A5-50C0-410F-A55F-94C842C744AC}.Release_Ubuntu|x64.ActiveCfg = Release|x64
		{ED0BB4A5-50C0-410F-A55F-94C842C744AC}.Release_Ubuntu|x64.Build.0 = Release|x64
		{ED0BB4A5-50C0-410F-A55F-94C842C744AC}.Release_Ubuntu|x86.ActiveCfg = Release|x86
		{ED0BB4A5-50C0-410F-A55F-94C842C744AC}.Release_Ubuntu|x86.Build.0 = Release|x86
		{ED0BB4A5-50C0-410F-A55F-94C842C744AC}.Release|Any CPU.ActiveCfg = Release|Any CPU
		{ED0BB4A5-50C0-410F-A55F-94C842C744AC}.Release|Any CPU.Build.0 = Release|Any CPU
		{ED0BB4A5-50C0-410F-A55F-94C842C744AC}.Release|Mixed Platforms.ActiveCfg = Release|x86
		{ED0BB4A5-50C0-410F-A55F-94C842C744AC}.Release|Mixed Platforms.Build.0 = Release|x86
		{ED0BB4A5-50C0-410F-A55F-94C842C744AC}.Release|x64.ActiveCfg = Release|x64
		{ED0BB4A5-50C0-410F-A55F-94C842C744AC}.Release|x64.Build.0 = Release|x64
		{ED0BB4A5-50C0-410F-A55F-94C842C744AC}.Release|x86.ActiveCfg = Release|x86
		{ED0BB4A5-50C0-410F-A55F-94C842C744AC}.Release|x86.Build.0 = Release|x86
		{B357BAC7-529E-4D81-A0D2-71041B19C8DE}.Debug_Ubuntu|Any CPU.ActiveCfg = Debug_Ubuntu|Any CPU
		{B357BAC7-529E-4D81-A0D2-71041B19C8DE}.Debug_Ubuntu|Any CPU.Build.0 = Debug_Ubuntu|Any CPU
		{B357BAC7-529E-4D81-A0D2-71041B19C8DE}.Debug_Ubuntu|Mixed Platforms.ActiveCfg = Debug_Ubuntu|Any CPU
		{B357BAC7-529E-4D81-A0D2-71041B19C8DE}.Debug_Ubuntu|Mixed Platforms.Build.0 = Debug_Ubuntu|Any CPU
		{B357BAC7-529E-4D81-A0D2-71041B19C8DE}.Debug_Ubuntu|x64.ActiveCfg = Debug_Ubuntu|Any CPU
		{B357BAC7-529E-4D81-A0D2-71041B19C8DE}.Debug_Ubuntu|x64.Build.0 = Debug_Ubuntu|Any CPU
		{B357BAC7-529E-4D81-A0D2-71041B19C8DE}.Debug_Ubuntu|x86.ActiveCfg = Debug_Ubuntu|Any CPU
		{B357BAC7-529E-4D81-A0D2-71041B19C8DE}.Debug_Ubuntu|x86.Build.0 = Debug_Ubuntu|Any CPU
		{B357BAC7-529E-4D81-A0D2-71041B19C8DE}.Debug|Any CPU.ActiveCfg = Debug|Any CPU
		{B357BAC7-529E-4D81-A0D2-71041B19C8DE}.Debug|Any CPU.Build.0 = Debug|Any CPU
		{B357BAC7-529E-4D81-A0D2-71041B19C8DE}.Debug|Mixed Platforms.ActiveCfg = Debug|Any CPU
		{B357BAC7-529E-4D81-A0D2-71041B19C8DE}.Debug|Mixed Platforms.Build.0 = Debug|Any CPU
		{B357BAC7-529E-4D81-A0D2-71041B19C8DE}.Debug|x64.ActiveCfg = Debug|Any CPU
		{B357BAC7-529E-4D81-A0D2-71041B19C8DE}.Debug|x64.Build.0 = Debug|Any CPU
		{B357BAC7-529E-4D81-A0D2-71041B19C8DE}.Debug|x86.ActiveCfg = Debug|Any CPU
		{B357BAC7-529E-4D81-A0D2-71041B19C8DE}.Debug|x86.Build.0 = Debug|Any CPU
		{B357BAC7-529E-4D81-A0D2-71041B19C8DE}.Release_Ubuntu|Any CPU.ActiveCfg = Release_Ubuntu|Any CPU
		{B357BAC7-529E-4D81-A0D2-71041B19C8DE}.Release_Ubuntu|Any CPU.Build.0 = Release_Ubuntu|Any CPU
		{B357BAC7-529E-4D81-A0D2-71041B19C8DE}.Release_Ubuntu|Mixed Platforms.ActiveCfg = Release_Ubuntu|Any CPU
		{B357BAC7-529E-4D81-A0D2-71041B19C8DE}.Release_Ubuntu|Mixed Platforms.Build.0 = Release_Ubuntu|Any CPU
		{B357BAC7-529E-4D81-A0D2-71041B19C8DE}.Release_Ubuntu|x64.ActiveCfg = Release_Ubuntu|Any CPU
		{B357BAC7-529E-4D81-A0D2-71041B19C8DE}.Release_Ubuntu|x64.Build.0 = Release_Ubuntu|Any CPU
		{B357BAC7-529E-4D81-A0D2-71041B19C8DE}.Release_Ubuntu|x86.ActiveCfg = Release_Ubuntu|Any CPU
		{B357BAC7-529E-4D81-A0D2-71041B19C8DE}.Release_Ubuntu|x86.Build.0 = Release_Ubuntu|Any CPU
		{B357BAC7-529E-4D81-A0D2-71041B19C8DE}.Release|Any CPU.ActiveCfg = Release|Any CPU
		{B357BAC7-529E-4D81-A0D2-71041B19C8DE}.Release|Any CPU.Build.0 = Release|Any CPU
		{B357BAC7-529E-4D81-A0D2-71041B19C8DE}.Release|Mixed Platforms.ActiveCfg = Release|Any CPU
		{B357BAC7-529E-4D81-A0D2-71041B19C8DE}.Release|Mixed Platforms.Build.0 = Release|Any CPU
		{B357BAC7-529E-4D81-A0D2-71041B19C8DE}.Release|x64.ActiveCfg = Release|Any CPU
		{B357BAC7-529E-4D81-A0D2-71041B19C8DE}.Release|x64.Build.0 = Release|Any CPU
		{B357BAC7-529E-4D81-A0D2-71041B19C8DE}.Release|x86.ActiveCfg = Release|Any CPU
		{B357BAC7-529E-4D81-A0D2-71041B19C8DE}.Release|x86.Build.0 = Release|Any CPU
		{6A3C24EC-2318-42CB-BB31-84D0E178D3C6}.Debug_Ubuntu|Any CPU.ActiveCfg = Debug|Any CPU
		{6A3C24EC-2318-42CB-BB31-84D0E178D3C6}.Debug_Ubuntu|Any CPU.Build.0 = Debug|Any CPU
		{6A3C24EC-2318-42CB-BB31-84D0E178D3C6}.Debug_Ubuntu|Mixed Platforms.ActiveCfg = Debug|Any CPU
		{6A3C24EC-2318-42CB-BB31-84D0E178D3C6}.Debug_Ubuntu|Mixed Platforms.Build.0 = Debug|Any CPU
		{6A3C24EC-2318-42CB-BB31-84D0E178D3C6}.Debug_Ubuntu|x64.ActiveCfg = Debug|Any CPU
		{6A3C24EC-2318-42CB-BB31-84D0E178D3C6}.Debug_Ubuntu|x64.Build.0 = Debug|Any CPU
		{6A3C24EC-2318-42CB-BB31-84D0E178D3C6}.Debug_Ubuntu|x86.ActiveCfg = Debug|Any CPU
		{6A3C24EC-2318-42CB-BB31-84D0E178D3C6}.Debug_Ubuntu|x86.Build.0 = Debug|Any CPU
		{6A3C24EC-2318-42CB-BB31-84D0E178D3C6}.Debug|Any CPU.ActiveCfg = Debug|Any CPU
		{6A3C24EC-2318-42CB-BB31-84D0E178D3C6}.Debug|Any CPU.Build.0 = Debug|Any CPU
		{6A3C24EC-2318-42CB-BB31-84D0E178D3C6}.Debug|Mixed Platforms.ActiveCfg = Debug|Any CPU
		{6A3C24EC-2318-42CB-BB31-84D0E178D3C6}.Debug|Mixed Platforms.Build.0 = Debug|Any CPU
		{6A3C24EC-2318-42CB-BB31-84D0E178D3C6}.Debug|x64.ActiveCfg = Debug|Any CPU
		{6A3C24EC-2318-42CB-BB31-84D0E178D3C6}.Debug|x64.Build.0 = Debug|Any CPU
		{6A3C24EC-2318-42CB-BB31-84D0E178D3C6}.Debug|x86.ActiveCfg = Debug|Any CPU
		{6A3C24EC-2318-42CB-BB31-84D0E178D3C6}.Debug|x86.Build.0 = Debug|Any CPU
		{6A3C24EC-2318-42CB-BB31-84D0E178D3C6}.Release_Ubuntu|Any CPU.ActiveCfg = Release|Any CPU
		{6A3C24EC-2318-42CB-BB31-84D0E178D3C6}.Release_Ubuntu|Any CPU.Build.0 = Release|Any CPU
		{6A3C24EC-2318-42CB-BB31-84D0E178D3C6}.Release_Ubuntu|Mixed Platforms.ActiveCfg = Release|Any CPU
		{6A3C24EC-2318-42CB-BB31-84D0E178D3C6}.Release_Ubuntu|Mixed Platforms.Build.0 = Release|Any CPU
		{6A3C24EC-2318-42CB-BB31-84D0E178D3C6}.Release_Ubuntu|x64.ActiveCfg = Release|Any CPU
		{6A3C24EC-2318-42CB-BB31-84D0E178D3C6}.Release_Ubuntu|x64.Build.0 = Release|Any CPU
		{6A3C24EC-2318-42CB-BB31-84D0E178D3C6}.Release_Ubuntu|x86.ActiveCfg = Release|Any CPU
		{6A3C24EC-2318-42CB-BB31-84D0E178D3C6}.Release_Ubuntu|x86.Build.0 = Release|Any CPU
		{6A3C24EC-2318-42CB-BB31-84D0E178D3C6}.Release|Any CPU.ActiveCfg = Release|Any CPU
		{6A3C24EC-2318-42CB-BB31-84D0E178D3C6}.Release|Any CPU.Build.0 = Release|Any CPU
		{6A3C24EC-2318-42CB-BB31-84D0E178D3C6}.Release|Mixed Platforms.ActiveCfg = Release|Any CPU
		{6A3C24EC-2318-42CB-BB31-84D0E178D3C6}.Release|Mixed Platforms.Build.0 = Release|Any CPU
		{6A3C24EC-2318-42CB-BB31-84D0E178D3C6}.Release|x64.ActiveCfg = Release|Any CPU
		{6A3C24EC-2318-42CB-BB31-84D0E178D3C6}.Release|x64.Build.0 = Release|Any CPU
		{6A3C24EC-2318-42CB-BB31-84D0E178D3C6}.Release|x86.ActiveCfg = Release|Any CPU
		{6A3C24EC-2318-42CB-BB31-84D0E178D3C6}.Release|x86.Build.0 = Release|Any CPU
		{27005030-BB5A-44DF-A24C-205CA1C62DCC}.Debug_Ubuntu|Any CPU.ActiveCfg = Debug|Any CPU
		{27005030-BB5A-44DF-A24C-205CA1C62DCC}.Debug_Ubuntu|Any CPU.Build.0 = Debug|Any CPU
		{27005030-BB5A-44DF-A24C-205CA1C62DCC}.Debug_Ubuntu|Mixed Platforms.ActiveCfg = Debug|Any CPU
		{27005030-BB5A-44DF-A24C-205CA1C62DCC}.Debug_Ubuntu|Mixed Platforms.Build.0 = Debug|Any CPU
		{27005030-BB5A-44DF-A24C-205CA1C62DCC}.Debug_Ubuntu|x64.ActiveCfg = Debug|Any CPU
		{27005030-BB5A-44DF-A24C-205CA1C62DCC}.Debug_Ubuntu|x64.Build.0 = Debug|Any CPU
		{27005030-BB5A-44DF-A24C-205CA1C62DCC}.Debug_Ubuntu|x86.ActiveCfg = Debug|Any CPU
		{27005030-BB5A-44DF-A24C-205CA1C62DCC}.Debug_Ubuntu|x86.Build.0 = Debug|Any CPU
		{27005030-BB5A-44DF-A24C-205CA1C62DCC}.Debug|Any CPU.ActiveCfg = Debug|Any CPU
		{27005030-BB5A-44DF-A24C-205CA1C62DCC}.Debug|Any CPU.Build.0 = Debug|Any CPU
		{27005030-BB5A-44DF-A24C-205CA1C62DCC}.Debug|Mixed Platforms.ActiveCfg = Debug|Any CPU
		{27005030-BB5A-44DF-A24C-205CA1C62DCC}.Debug|Mixed Platforms.Build.0 = Debug|Any CPU
		{27005030-BB5A-44DF-A24C-205CA1C62DCC}.Debug|x64.ActiveCfg = Debug|Any CPU
		{27005030-BB5A-44DF-A24C-205CA1C62DCC}.Debug|x64.Build.0 = Debug|Any CPU
		{27005030-BB5A-44DF-A24C-205CA1C62DCC}.Debug|x86.ActiveCfg = Debug|Any CPU
		{27005030-BB5A-44DF-A24C-205CA1C62DCC}.Debug|x86.Build.0 = Debug|Any CPU
		{27005030-BB5A-44DF-A24C-205CA1C62DCC}.Release_Ubuntu|Any CPU.ActiveCfg = Release|Any CPU
		{27005030-BB5A-44DF-A24C-205CA1C62DCC}.Release_Ubuntu|Any CPU.Build.0 = Release|Any CPU
		{27005030-BB5A-44DF-A24C-205CA1C62DCC}.Release_Ubuntu|Mixed Platforms.ActiveCfg = Release|Any CPU
		{27005030-BB5A-44DF-A24C-205CA1C62DCC}.Release_Ubuntu|Mixed Platforms.Build.0 = Release|Any CPU
		{27005030-BB5A-44DF-A24C-205CA1C62DCC}.Release_Ubuntu|x64.ActiveCfg = Release|Any CPU
		{27005030-BB5A-44DF-A24C-205CA1C62DCC}.Release_Ubuntu|x64.Build.0 = Release|Any CPU
		{27005030-BB5A-44DF-A24C-205CA1C62DCC}.Release_Ubuntu|x86.ActiveCfg = Release|Any CPU
		{27005030-BB5A-44DF-A24C-205CA1C62DCC}.Release_Ubuntu|x86.Build.0 = Release|Any CPU
		{27005030-BB5A-44DF-A24C-205CA1C62DCC}.Release|Any CPU.ActiveCfg = Release|Any CPU
		{27005030-BB5A-44DF-A24C-205CA1C62DCC}.Release|Any CPU.Build.0 = Release|Any CPU
		{27005030-BB5A-44DF-A24C-205CA1C62DCC}.Release|Mixed Platforms.ActiveCfg = Release|Any CPU
		{27005030-BB5A-44DF-A24C-205CA1C62DCC}.Release|Mixed Platforms.Build.0 = Release|Any CPU
		{27005030-BB5A-44DF-A24C-205CA1C62DCC}.Release|x64.ActiveCfg = Release|Any CPU
		{27005030-BB5A-44DF-A24C-205CA1C62DCC}.Release|x64.Build.0 = Release|Any CPU
		{27005030-BB5A-44DF-A24C-205CA1C62DCC}.Release|x86.ActiveCfg = Release|Any CPU
		{27005030-BB5A-44DF-A24C-205CA1C62DCC}.Release|x86.Build.0 = Release|Any CPU
		{70FC5B68-BD66-44D5-A952-5CDDA0977321}.Debug_Ubuntu|Any CPU.ActiveCfg = Debug|Any CPU
		{70FC5B68-BD66-44D5-A952-5CDDA0977321}.Debug_Ubuntu|Any CPU.Build.0 = Debug|Any CPU
		{70FC5B68-BD66-44D5-A952-5CDDA0977321}.Debug_Ubuntu|Mixed Platforms.ActiveCfg = Debug|Any CPU
		{70FC5B68-BD66-44D5-A952-5CDDA0977321}.Debug_Ubuntu|Mixed Platforms.Build.0 = Debug|Any CPU
		{70FC5B68-BD66-44D5-A952-5CDDA0977321}.Debug_Ubuntu|x64.ActiveCfg = Debug|Any CPU
		{70FC5B68-BD66-44D5-A952-5CDDA0977321}.Debug_Ubuntu|x64.Build.0 = Debug|Any CPU
		{70FC5B68-BD66-44D5-A952-5CDDA0977321}.Debug_Ubuntu|x86.ActiveCfg = Debug|Any CPU
		{70FC5B68-BD66-44D5-A952-5CDDA0977321}.Debug_Ubuntu|x86.Build.0 = Debug|Any CPU
		{70FC5B68-BD66-44D5-A952-5CDDA0977321}.Debug|Any CPU.ActiveCfg = Debug|Any CPU
		{70FC5B68-BD66-44D5-A952-5CDDA0977321}.Debug|Any CPU.Build.0 = Debug|Any CPU
		{70FC5B68-BD66-44D5-A952-5CDDA0977321}.Debug|Mixed Platforms.ActiveCfg = Debug|Any CPU
		{70FC5B68-BD66-44D5-A952-5CDDA0977321}.Debug|Mixed Platforms.Build.0 = Debug|Any CPU
		{70FC5B68-BD66-44D5-A952-5CDDA0977321}.Debug|x64.ActiveCfg = Debug|Any CPU
		{70FC5B68-BD66-44D5-A952-5CDDA0977321}.Debug|x64.Build.0 = Debug|Any CPU
		{70FC5B68-BD66-44D5-A952-5CDDA0977321}.Debug|x86.ActiveCfg = Debug|Any CPU
		{70FC5B68-BD66-44D5-A952-5CDDA0977321}.Debug|x86.Build.0 = Debug|Any CPU
		{70FC5B68-BD66-44D5-A952-5CDDA0977321}.Release_Ubuntu|Any CPU.ActiveCfg = Release|Any CPU
		{70FC5B68-BD66-44D5-A952-5CDDA0977321}.Release_Ubuntu|Any CPU.Build.0 = Release|Any CPU
		{70FC5B68-BD66-44D5-A952-5CDDA0977321}.Release_Ubuntu|Mixed Platforms.ActiveCfg = Release|Any CPU
		{70FC5B68-BD66-44D5-A952-5CDDA0977321}.Release_Ubuntu|Mixed Platforms.Build.0 = Release|Any CPU
		{70FC5B68-BD66-44D5-A952-5CDDA0977321}.Release_Ubuntu|x64.ActiveCfg = Release|Any CPU
		{70FC5B68-BD66-44D5-A952-5CDDA0977321}.Release_Ubuntu|x64.Build.0 = Release|Any CPU
		{70FC5B68-BD66-44D5-A952-5CDDA0977321}.Release_Ubuntu|x86.ActiveCfg = Release|Any CPU
		{70FC5B68-BD66-44D5-A952-5CDDA0977321}.Release_Ubuntu|x86.Build.0 = Release|Any CPU
		{70FC5B68-BD66-44D5-A952-5CDDA0977321}.Release|Any CPU.ActiveCfg = Release|Any CPU
		{70FC5B68-BD66-44D5-A952-5CDDA0977321}.Release|Any CPU.Build.0 = Release|Any CPU
		{70FC5B68-BD66-44D5-A952-5CDDA0977321}.Release|Mixed Platforms.ActiveCfg = Release|Any CPU
		{70FC5B68-BD66-44D5-A952-5CDDA0977321}.Release|Mixed Platforms.Build.0 = Release|Any CPU
		{70FC5B68-BD66-44D5-A952-5CDDA0977321}.Release|x64.ActiveCfg = Release|Any CPU
		{70FC5B68-BD66-44D5-A952-5CDDA0977321}.Release|x64.Build.0 = Release|Any CPU
		{70FC5B68-BD66-44D5-A952-5CDDA0977321}.Release|x86.ActiveCfg = Release|Any CPU
		{70FC5B68-BD66-44D5-A952-5CDDA0977321}.Release|x86.Build.0 = Release|Any CPU
	EndGlobalSection
	GlobalSection(SolutionProperties) = preSolution
		HideSolutionNode = FALSE
	EndGlobalSection
	GlobalSection(NestedProjects) = preSolution
		{B4AF3B64-7884-4864-B007-DD3B59A084D5} = {9DBF46BD-14E8-49D1-8406-FEA9F4E55F01}
		{6A3C24EC-2318-42CB-BB31-84D0E178D3C6} = {9DBF46BD-14E8-49D1-8406-FEA9F4E55F01}
		{27005030-BB5A-44DF-A24C-205CA1C62DCC} = {9DBF46BD-14E8-49D1-8406-FEA9F4E55F01}
	EndGlobalSection
EndGlobal
